
Microsoft Visual Studio Solution File, Format Version 12.00
# Visual Studio Version 16
VisualStudioVersion = 16.0.31205.134
MinimumVisualStudioVersion = 10.0.40219.1
Project("{FAE04EC0-301F-11D3-BF4B-00C04F79EFBC}") = "TMG_Test1", "TMG_Test1.csproj", "{DE416C0B-1CEC-48F5-B119-BAABE8B14BAE}"
EndProject
Global
	GlobalSection(SolutionConfigurationPlatforms) = preSolution
		Debug|Any CPU = Debug|Any CPU
		Release|Any CPU = Release|Any CPU
	EndGlobalSection
	GlobalSection(ProjectConfigurationPlatforms) = postSolution
		{DE416C0B-1CEC-48F5-B119-BAABE8B14BAE}.Debug|Any CPU.ActiveCfg = Debug|Any CPU
		{DE416C0B-1CEC-48F5-B119-BAABE8B14BAE}.Debug|Any CPU.Build.0 = Debug|Any CPU
		{DE416C0B-1CEC-48F5-B119-BAABE8B14BAE}.Release|Any CPU.ActiveCfg = Release|Any CPU
		{DE416C0B-1CEC-48F5-B119-BAABE8B14BAE}.Release|Any CPU.Build.0 = Release|Any CPU
	EndGlobalSection
	GlobalSection(SolutionProperties) = preSolution
		HideSolutionNode = FALSE
	EndGlobalSection
	GlobalSection(ExtensibilityGlobals) = postSolution
		SolutionGuid = {3E60AF07-F650-4C55-B628-D1993A55017A}
	EndGlobalSection
EndGlobal
